
Microsoft Visual Studio Solution File, Format Version 12.00
# Visual Studio Version 17
VisualStudioVersion = 17.6.33829.357
MinimumVisualStudioVersion = 10.0.40219.1
Project("{9A19103F-16F7-4668-BE54-9A1E7A4F7556}") = "Palmalytics", "Palmalytics\Palmalytics.csproj", "{77013BB5-D928-4E88-A26A-856C4827B153}"
EndProject
Project("{9A19103F-16F7-4668-BE54-9A1E7A4F7556}") = "TestSite", "TestSite\TestSite.csproj", "{FFE6BDDB-EE04-4604-B63E-18B857941B90}"
EndProject
Project("{9A19103F-16F7-4668-BE54-9A1E7A4F7556}") = "Palmalytics.Tests", "Palmalytics.Tests\Palmalytics.Tests.csproj", "{C1C58B3F-17AE-4DA7-BABF-79EE232F6195}"
EndProject
Project("{9A19103F-16F7-4668-BE54-9A1E7A4F7556}") = "Palmalytics.SqlServer", "Palmalytics.SqlServer\Palmalytics.SqlServer.csproj", "{B583011E-9B2A-42A4-A4C8-21D276031743}"
EndProject
Project("{9A19103F-16F7-4668-BE54-9A1E7A4F7556}") = "Palmalytics.SqlServer.Tests", "Palmalytics.SqlServer.Tests\Palmalytics.SqlServer.Tests.csproj", "{4F5E16C5-504D-4AD5-A38D-31000E9E3E6C}"
EndProject
Global
	GlobalSection(SolutionConfigurationPlatforms) = preSolution
		Debug|Any CPU = Debug|Any CPU
		Release|Any CPU = Release|Any CPU
	EndGlobalSection
	GlobalSection(ProjectConfigurationPlatforms) = postSolution
		{77013BB5-D928-4E88-A26A-856C4827B153}.Debug|Any CPU.ActiveCfg = Debug|Any CPU
		{77013BB5-D928-4E88-A26A-856C4827B153}.Debug|Any CPU.Build.0 = Debug|Any CPU
		{77013BB5-D928-4E88-A26A-856C4827B153}.Release|Any CPU.ActiveCfg = Release|Any CPU
		{77013BB5-D928-4E88-A26A-856C4827B153}.Release|Any CPU.Build.0 = Release|Any CPU
		{FFE6BDDB-EE04-4604-B63E-18B857941B90}.Debug|Any CPU.ActiveCfg = Debug|Any CPU
		{FFE6BDDB-EE04-4604-B63E-18B857941B90}.Debug|Any CPU.Build.0 = Debug|Any CPU
		{FFE6BDDB-EE04-4604-B63E-18B857941B90}.Release|Any CPU.ActiveCfg = Release|Any CPU
		{FFE6BDDB-EE04-4604-B63E-18B857941B90}.Release|Any CPU.Build.0 = Release|Any CPU
		{C1C58B3F-17AE-4DA7-BABF-79EE232F6195}.Debug|Any CPU.ActiveCfg = Debug|Any CPU
		{C1C58B3F-17AE-4DA7-BABF-79EE232F6195}.Debug|Any CPU.Build.0 = Debug|Any CPU
		{C1C58B3F-17AE-4DA7-BABF-79EE232F6195}.Release|Any CPU.ActiveCfg = Release|Any CPU
		{C1C58B3F-17AE-4DA7-BABF-79EE232F6195}.Release|Any CPU.Build.0 = Release|Any CPU
		{B583011E-9B2A-42A4-A4C8-21D276031743}.Debug|Any CPU.ActiveCfg = Debug|Any CPU
		{B583011E-9B2A-42A4-A4C8-21D276031743}.Debug|Any CPU.Build.0 = Debug|Any CPU
		{B583011E-9B2A-42A4-A4C8-21D276031743}.Release|Any CPU.ActiveCfg = Release|Any CPU
		{B583011E-9B2A-42A4-A4C8-21D276031743}.Release|Any CPU.Build.0 = Release|Any CPU
		{4F5E16C5-504D-4AD5-A38D-31000E9E3E6C}.Debug|Any CPU.ActiveCfg = Debug|Any CPU
		{4F5E16C5-504D-4AD5-A38D-31000E9E3E6C}.Debug|Any CPU.Build.0 = Debug|Any CPU
		{4F5E16C5-504D-4AD5-A38D-31000E9E3E6C}.Release|Any CPU.ActiveCfg = Release|Any CPU
		{4F5E16C5-504D-4AD5-A38D-31000E9E3E6C}.Release|Any CPU.Build.0 = Release|Any CPU
	EndGlobalSection
	GlobalSection(SolutionProperties) = preSolution
		HideSolutionNode = FALSE
	EndGlobalSection
	GlobalSection(ExtensibilityGlobals) = postSolution
		SolutionGuid = {30F5C2FC-4CD8-4E0F-818B-BAFD5E17886E}
	EndGlobalSection
EndGlobal
